
Microsoft Visual Studio Solution File, Format Version 12.00
# Visual Studio Version 17
VisualStudioVersion = 17.5.002.0
MinimumVisualStudioVersion = 10.0.40219.1
Project("{2150E333-8FDC-42A3-9474-1A3956D46DE8}") = "csharp-prep", "csharp-prep", "{9E47C5F0-7AED-415E-99FB-705361BCCEA2}"
EndProject
Project("{9A19103F-16F7-4668-BE54-9A1E7A4F7556}") = "Prep1", "csharp-prep\Prep1\Prep1.csproj", "{90566424-3463-44B3-977A-A670CE3F8A5F}"
EndProject
Project("{9A19103F-16F7-4668-BE54-9A1E7A4F7556}") = "Prep2", "csharp-prep\Prep2\Prep2.csproj", "{E7265BF3-B193-41A1-880B-ECA77C4278BE}"
EndProject
Project("{9A19103F-16F7-4668-BE54-9A1E7A4F7556}") = "Prep3", "csharp-prep\Prep3\Prep3.csproj", "{323FE2CE-90AA-4787-B0AC-D9595C6356DA}"
EndProject
Project("{9A19103F-16F7-4668-BE54-9A1E7A4F7556}") = "Prep4", "csharp-prep\Prep4\Prep4.csproj", "{309DCAEB-9763-4B7E-8B29-48BC3097203D}"
EndProject
Project("{9A19103F-16F7-4668-BE54-9A1E7A4F7556}") = "Prep5", "csharp-prep\Prep5\Prep5.csproj", "{3D2FECA2-E32A-4DF9-8C56-1756BB9D7533}"
EndProject
Project("{2150E333-8FDC-42A3-9474-1A3956D46DE8}") = "final", "final", "{D1FD7E8D-4C59-41F6-AE00-B1D388946241}"
EndProject
Project("{9A19103F-16F7-4668-BE54-9A1E7A4F7556}") = "FinalProject", "final\FinalProject\FinalProject.csproj", "{7113397E-B302-47E3-ACD2-5C3FB6662E63}"
EndProject
Project("{9A19103F-16F7-4668-BE54-9A1E7A4F7556}") = "Foundation1", "final\Foundation1\Foundation1.csproj", "{B1660FA1-FF6E-4C5B-B633-3D3A0BAAD9A9}"
EndProject
Project("{9A19103F-16F7-4668-BE54-9A1E7A4F7556}") = "Foundation2", "final\Foundation2\Foundation2.csproj", "{5FE4E18D-2F53-4433-91C8-2F872AC6D1CF}"
EndProject
Project("{9A19103F-16F7-4668-BE54-9A1E7A4F7556}") = "Foundation3", "final\Foundation3\Foundation3.csproj", "{73D43EBF-6EB4-4F50-9B38-DB2E4575D52C}"
EndProject
Project("{9A19103F-16F7-4668-BE54-9A1E7A4F7556}") = "Foundation4", "final\Foundation4\Foundation4.csproj", "{BBEF4F5A-4CF1-41EC-96F3-D20F6EA266BE}"
EndProject
Project("{2150E333-8FDC-42A3-9474-1A3956D46DE8}") = "prepare", "prepare", "{58286D0A-3BFC-4436-BD0A-1B3B0048CBB6}"
EndProject
Project("{9A19103F-16F7-4668-BE54-9A1E7A4F7556}") = "Learning02", "prepare\Learning02\Learning02.csproj", "{DD27796D-7845-4357-80E9-7EF7FC1ED91F}"
EndProject
Project("{9A19103F-16F7-4668-BE54-9A1E7A4F7556}") = "Learning03", "prepare\Learning03\Learning03.csproj", "{CC0162C7-463A-46D9-894F-CE67841A53F3}"
EndProject
Project("{9A19103F-16F7-4668-BE54-9A1E7A4F7556}") = "Learning04", "prepare\Learning04\Learning04.csproj", "{AC55BA42-373A-4F1B-9B77-D17EA63F24B2}"
EndProject
Project("{9A19103F-16F7-4668-BE54-9A1E7A4F7556}") = "Learning05", "prepare\Learning05\Learning05.csproj", "{1EB29707-D2A2-4506-B333-D5B9B051CA51}"
EndProject
Project("{2150E333-8FDC-42A3-9474-1A3956D46DE8}") = "prove", "prove", "{C6C2A1C0-B0C5-4154-87B3-DE83C88AFAFA}"
EndProject
Project("{9A19103F-16F7-4668-BE54-9A1E7A4F7556}") = "Develop02", "prove\Develop02\Develop02.csproj", "{1B6E5716-495D-46ED-B78A-EFCBBBF69D61}"
EndProject
Project("{9A19103F-16F7-4668-BE54-9A1E7A4F7556}") = "Develop03", "prove\Develop03\Develop03.csproj", "{0BFD7BC3-A22C-4D9D-B936-8FC9BBD51650}"
EndProject
Project("{9A19103F-16F7-4668-BE54-9A1E7A4F7556}") = "Develop04", "prove\Develop04\Develop04.csproj", "{166C2489-1E76-40F3-BDC7-C9EAD062418A}"
EndProject
Project("{9A19103F-16F7-4668-BE54-9A1E7A4F7556}") = "Develop05", "prove\Develop05\Develop05.csproj", "{6F6C9C06-F1DA-438A-BD7B-669BED8F41B8}"
EndProject
Project("{2150E333-8FDC-42A3-9474-1A3956D46DE8}") = "sandbox", "sandbox", "{E6F670EA-E81B-42EC-8FCA-41E66B1601A0}"
EndProject
Project("{9A19103F-16F7-4668-BE54-9A1E7A4F7556}") = "Sandbox", "sandbox\Sandbox\Sandbox.csproj", "{9EED097E-DD21-4CE9-8DFA-2E2482420209}"
EndProject
Global
	GlobalSection(SolutionConfigurationPlatforms) = preSolution
		Debug|Any CPU = Debug|Any CPU
		Release|Any CPU = Release|Any CPU
	EndGlobalSection
	GlobalSection(ProjectConfigurationPlatforms) = postSolution
		{90566424-3463-44B3-977A-A670CE3F8A5F}.Debug|Any CPU.ActiveCfg = Debug|Any CPU
		{90566424-3463-44B3-977A-A670CE3F8A5F}.Debug|Any CPU.Build.0 = Debug|Any CPU
		{90566424-3463-44B3-977A-A670CE3F8A5F}.Release|Any CPU.ActiveCfg = Release|Any CPU
		{90566424-3463-44B3-977A-A670CE3F8A5F}.Release|Any CPU.Build.0 = Release|Any CPU
		{E7265BF3-B193-41A1-880B-ECA77C4278BE}.Debug|Any CPU.ActiveCfg = Debug|Any CPU
		{E7265BF3-B193-41A1-880B-ECA77C4278BE}.Debug|Any CPU.Build.0 = Debug|Any CPU
		{E7265BF3-B193-41A1-880B-ECA77C4278BE}.Release|Any CPU.ActiveCfg = Release|Any CPU
		{E7265BF3-B193-41A1-880B-ECA77C4278BE}.Release|Any CPU.Build.0 = Release|Any CPU
		{323FE2CE-90AA-4787-B0AC-D9595C6356DA}.Debug|Any CPU.ActiveCfg = Debug|Any CPU
		{323FE2CE-90AA-4787-B0AC-D9595C6356DA}.Debug|Any CPU.Build.0 = Debug|Any CPU
		{323FE2CE-90AA-4787-B0AC-D9595C6356DA}.Release|Any CPU.ActiveCfg = Release|Any CPU
		{323FE2CE-90AA-4787-B0AC-D9595C6356DA}.Release|Any CPU.Build.0 = Release|Any CPU
		{309DCAEB-9763-4B7E-8B29-48BC3097203D}.Debug|Any CPU.ActiveCfg = Debug|Any CPU
		{309DCAEB-9763-4B7E-8B29-48BC3097203D}.Debug|Any CPU.Build.0 = Debug|Any CPU
		{309DCAEB-9763-4B7E-8B29-48BC3097203D}.Release|Any CPU.ActiveCfg = Release|Any CPU
		{309DCAEB-9763-4B7E-8B29-48BC3097203D}.Release|Any CPU.Build.0 = Release|Any CPU
		{3D2FECA2-E32A-4DF9-8C56-1756BB9D7533}.Debug|Any CPU.ActiveCfg = Debug|Any CPU
		{3D2FECA2-E32A-4DF9-8C56-1756BB9D7533}.Debug|Any CPU.Build.0 = Debug|Any CPU
		{3D2FECA2-E32A-4DF9-8C56-1756BB9D7533}.Release|Any CPU.ActiveCfg = Release|Any CPU
		{3D2FECA2-E32A-4DF9-8C56-1756BB9D7533}.Release|Any CPU.Build.0 = Release|Any CPU
		{7113397E-B302-47E3-ACD2-5C3FB6662E63}.Debug|Any CPU.ActiveCfg = Debug|Any CPU
		{7113397E-B302-47E3-ACD2-5C3FB6662E63}.Debug|Any CPU.Build.0 = Debug|Any CPU
		{7113397E-B302-47E3-ACD2-5C3FB6662E63}.Release|Any CPU.ActiveCfg = Release|Any CPU
		{7113397E-B302-47E3-ACD2-5C3FB6662E63}.Release|Any CPU.Build.0 = Release|Any CPU
		{B1660FA1-FF6E-4C5B-B633-3D3A0BAAD9A9}.Debug|Any CPU.ActiveCfg = Debug|Any CPU
		{B1660FA1-FF6E-4C5B-B633-3D3A0BAAD9A9}.Debug|Any CPU.Build.0 = Debug|Any CPU
		{B1660FA1-FF6E-4C5B-B633-3D3A0BAAD9A9}.Release|Any CPU.ActiveCfg = Release|Any CPU
		{B1660FA1-FF6E-4C5B-B633-3D3A0BAAD9A9}.Release|Any CPU.Build.0 = Release|Any CPU
		{5FE4E18D-2F53-4433-91C8-2F872AC6D1CF}.Debug|Any CPU.ActiveCfg = Debug|Any CPU
		{5FE4E18D-2F53-4433-91C8-2F872AC6D1CF}.Debug|Any CPU.Build.0 = Debug|Any CPU
		{5FE4E18D-2F53-4433-91C8-2F872AC6D1CF}.Release|Any CPU.ActiveCfg = Release|Any CPU
		{5FE4E18D-2F53-4433-91C8-2F872AC6D1CF}.Release|Any CPU.Build.0 = Release|Any CPU
		{73D43EBF-6EB4-4F50-9B38-DB2E4575D52C}.Debug|Any CPU.ActiveCfg = Debug|Any CPU
		{73D43EBF-6EB4-4F50-9B38-DB2E4575D52C}.Debug|Any CPU.Build.0 = Debug|Any CPU
		{73D43EBF-6EB4-4F50-9B38-DB2E4575D52C}.Release|Any CPU.ActiveCfg = Release|Any CPU
		{73D43EBF-6EB4-4F50-9B38-DB2E4575D52C}.Release|Any CPU.Build.0 = Release|Any CPU
		{BBEF4F5A-4CF1-41EC-96F3-D20F6EA266BE}.Debug|Any CPU.ActiveCfg = Debug|Any CPU
		{BBEF4F5A-4CF1-41EC-96F3-D20F6EA266BE}.Debug|Any CPU.Build.0 = Debug|Any CPU
		{BBEF4F5A-4CF1-41EC-96F3-D20F6EA266BE}.Release|Any CPU.ActiveCfg = Release|Any CPU
		{BBEF4F5A-4CF1-41EC-96F3-D20F6EA266BE}.Release|Any CPU.Build.0 = Release|Any CPU
		{DD27796D-7845-4357-80E9-7EF7FC1ED91F}.Debug|Any CPU.ActiveCfg = Debug|Any CPU
		{DD27796D-7845-4357-80E9-7EF7FC1ED91F}.Debug|Any CPU.Build.0 = Debug|Any CPU
		{DD27796D-7845-4357-80E9-7EF7FC1ED91F}.Release|Any CPU.ActiveCfg = Release|Any CPU
		{DD27796D-7845-4357-80E9-7EF7FC1ED91F}.Release|Any CPU.Build.0 = Release|Any CPU
		{CC0162C7-463A-46D9-894F-CE67841A53F3}.Debug|Any CPU.ActiveCfg = Debug|Any CPU
		{CC0162C7-463A-46D9-894F-CE67841A53F3}.Debug|Any CPU.Build.0 = Debug|Any CPU
		{CC0162C7-463A-46D9-894F-CE67841A53F3}.Release|Any CPU.ActiveCfg = Release|Any CPU
		{CC0162C7-463A-46D9-894F-CE67841A53F3}.Release|Any CPU.Build.0 = Release|Any CPU
		{AC55BA42-373A-4F1B-9B77-D17EA63F24B2}.Debug|Any CPU.ActiveCfg = Debug|Any CPU
		{AC55BA42-373A-4F1B-9B77-D17EA63F24B2}.Debug|Any CPU.Build.0 = Debug|Any CPU
		{AC55BA42-373A-4F1B-9B77-D17EA63F24B2}.Release|Any CPU.ActiveCfg = Release|Any CPU
		{AC55BA42-373A-4F1B-9B77-D17EA63F24B2}.Release|Any CPU.Build.0 = Release|Any CPU
		{1EB29707-D2A2-4506-B333-D5B9B051CA51}.Debug|Any CPU.ActiveCfg = Debug|Any CPU
		{1EB29707-D2A2-4506-B333-D5B9B051CA51}.Debug|Any CPU.Build.0 = Debug|Any CPU
		{1EB29707-D2A2-4506-B333-D5B9B051CA51}.Release|Any CPU.ActiveCfg = Release|Any CPU
		{1EB29707-D2A2-4506-B333-D5B9B051CA51}.Release|Any CPU.Build.0 = Release|Any CPU
		{1B6E5716-495D-46ED-B78A-EFCBBBF69D61}.Debug|Any CPU.ActiveCfg = Debug|Any CPU
		{1B6E5716-495D-46ED-B78A-EFCBBBF69D61}.Debug|Any CPU.Build.0 = Debug|Any CPU
		{1B6E5716-495D-46ED-B78A-EFCBBBF69D61}.Release|Any CPU.ActiveCfg = Release|Any CPU
		{1B6E5716-495D-46ED-B78A-EFCBBBF69D61}.Release|Any CPU.Build.0 = Release|Any CPU
		{0BFD7BC3-A22C-4D9D-B936-8FC9BBD51650}.Debug|Any CPU.ActiveCfg = Debug|Any CPU
		{0BFD7BC3-A22C-4D9D-B936-8FC9BBD51650}.Debug|Any CPU.Build.0 = Debug|Any CPU
		{0BFD7BC3-A22C-4D9D-B936-8FC9BBD51650}.Release|Any CPU.ActiveCfg = Release|Any CPU
		{0BFD7BC3-A22C-4D9D-B936-8FC9BBD51650}.Release|Any CPU.Build.0 = Release|Any CPU
		{166C2489-1E76-40F3-BDC7-C9EAD062418A}.Debug|Any CPU.ActiveCfg = Debug|Any CPU
		{166C2489-1E76-40F3-BDC7-C9EAD062418A}.Debug|Any CPU.Build.0 = Debug|Any CPU
		{166C2489-1E76-40F3-BDC7-C9EAD062418A}.Release|Any CPU.ActiveCfg = Release|Any CPU
		{166C2489-1E76-40F3-BDC7-C9EAD062418A}.Release|Any CPU.Build.0 = Release|Any CPU
		{6F6C9C06-F1DA-438A-BD7B-669BED8F41B8}.Debug|Any CPU.ActiveCfg = Debug|Any CPU
		{6F6C9C06-F1DA-438A-BD7B-669BED8F41B8}.Debug|Any CPU.Build.0 = Debug|Any CPU
		{6F6C9C06-F1DA-438A-BD7B-669BED8F41B8}.Release|Any CPU.ActiveCfg = Release|Any CPU
		{6F6C9C06-F1DA-438A-BD7B-669BED8F41B8}.Release|Any CPU.Build.0 = Release|Any CPU
		{9EED097E-DD21-4CE9-8DFA-2E2482420209}.Debug|Any CPU.ActiveCfg = Debug|Any CPU
		{9EED097E-DD21-4CE9-8DFA-2E2482420209}.Debug|Any CPU.Build.0 = Debug|Any CPU
		{9EED097E-DD21-4CE9-8DFA-2E2482420209}.Release|Any CPU.ActiveCfg = Release|Any CPU
		{9EED097E-DD21-4CE9-8DFA-2E2482420209}.Release|Any CPU.Build.0 = Release|Any CPU
	EndGlobalSection
	GlobalSection(SolutionProperties) = preSolution
		HideSolutionNode = FALSE
	EndGlobalSection
	GlobalSection(NestedProjects) = preSolution
		{90566424-3463-44B3-977A-A670CE3F8A5F} = {9E47C5F0-7AED-415E-99FB-705361BCCEA2}
		{E7265BF3-B193-41A1-880B-ECA77C4278BE} = {9E47C5F0-7AED-415E-99FB-705361BCCEA2}
		{323FE2CE-90AA-4787-B0AC-D9595C6356DA} = {9E47C5F0-7AED-415E-99FB-705361BCCEA2}
		{309DCAEB-9763-4B7E-8B29-48BC3097203D} = {9E47C5F0-7AED-415E-99FB-705361BCCEA2}
		{3D2FECA2-E32A-4DF9-8C56-1756BB9D7533} = {9E47C5F0-7AED-415E-99FB-705361BCCEA2}
		{7113397E-B302-47E3-ACD2-5C3FB6662E63} = {D1FD7E8D-4C59-41F6-AE00-B1D388946241}
		{B1660FA1-FF6E-4C5B-B633-3D3A0BAAD9A9} = {D1FD7E8D-4C59-41F6-AE00-B1D388946241}
		{5FE4E18D-2F53-4433-91C8-2F872AC6D1CF} = {D1FD7E8D-4C59-41F6-AE00-B1D388946241}
		{73D43EBF-6EB4-4F50-9B38-DB2E4575D52C} = {D1FD7E8D-4C59-41F6-AE00-B1D388946241}
		{BBEF4F5A-4CF1-41EC-96F3-D20F6EA266BE} = {D1FD7E8D-4C59-41F6-AE00-B1D388946241}
		{DD27796D-7845-4357-80E9-7EF7FC1ED91F} = {58286D0A-3BFC-4436-BD0A-1B3B0048CBB6}
		{CC0162C7-463A-46D9-894F-CE67841A53F3} = {58286D0A-3BFC-4436-BD0A-1B3B0048CBB6}
		{AC55BA42-373A-4F1B-9B77-D17EA63F24B2} = {58286D0A-3BFC-4436-BD0A-1B3B0048CBB6}
		{1EB29707-D2A2-4506-B333-D5B9B051CA51} = {58286D0A-3BFC-4436-BD0A-1B3B0048CBB6}
		{1B6E5716-495D-46ED-B78A-EFCBBBF69D61} = {C6C2A1C0-B0C5-4154-87B3-DE83C88AFAFA}
		{0BFD7BC3-A22C-4D9D-B936-8FC9BBD51650} = {C6C2A1C0-B0C5-4154-87B3-DE83C88AFAFA}
		{166C2489-1E76-40F3-BDC7-C9EAD062418A} = {C6C2A1C0-B0C5-4154-87B3-DE83C88AFAFA}
		{6F6C9C06-F1DA-438A-BD7B-669BED8F41B8} = {C6C2A1C0-B0C5-4154-87B3-DE83C88AFAFA}
		{9EED097E-DD21-4CE9-8DFA-2E2482420209} = {E6F670EA-E81B-42EC-8FCA-41E66B1601A0}
	EndGlobalSection
	GlobalSection(ExtensibilityGlobals) = postSolution
		SolutionGuid = {58DE0DEB-9F63-4AF5-9798-61FE55E67C45}
	EndGlobalSection
EndGlobal
