
Microsoft Visual Studio Solution File, Format Version 12.00
# Visual Studio Version 17
VisualStudioVersion = 17.5.002.0
MinimumVisualStudioVersion = 10.0.40219.1
Project("{9A19103F-16F7-4668-BE54-9A1E7A4F7556}") = "Develop03", "Develop03.csproj", "{F06BF094-93BE-4D11-B42B-11F2A1116531}"
EndProject
Global
	GlobalSection(SolutionConfigurationPlatforms) = preSolution
		Debug|Any CPU = Debug|Any CPU
		Release|Any CPU = Release|Any CPU
	EndGlobalSection
	GlobalSection(ProjectConfigurationPlatforms) = postSolution
		{F06BF094-93BE-4D11-B42B-11F2A1116531}.Debug|Any CPU.ActiveCfg = Debug|Any CPU
		{F06BF094-93BE-4D11-B42B-11F2A1116531}.Debug|Any CPU.Build.0 = Debug|Any CPU
		{F06BF094-93BE-4D11-B42B-11F2A1116531}.Release|Any CPU.ActiveCfg = Release|Any CPU
		{F06BF094-93BE-4D11-B42B-11F2A1116531}.Release|Any CPU.Build.0 = Release|Any CPU
	EndGlobalSection
	GlobalSection(SolutionProperties) = preSolution
		HideSolutionNode = FALSE
	EndGlobalSection
	GlobalSection(ExtensibilityGlobals) = postSolution
		SolutionGuid = {0558369E-81CD-4F2C-83CC-7531FE965BEA}
	EndGlobalSection
EndGlobal
